
Microsoft Visual Studio Solution File, Format Version 12.00
# Visual Studio Version 17
VisualStudioVersion = 17.5.33516.290
MinimumVisualStudioVersion = 10.0.40219.1
Project("{FAE04EC0-301F-11D3-BF4B-00C04F79EFBC}") = "Cat as Service", "Cat as Service\Cat as Service.csproj", "{97BCC257-59CA-45A1-844D-EC02D1A7539C}"
EndProject
Global
	GlobalSection(SolutionConfigurationPlatforms) = preSolution
		Debug|Any CPU = Debug|Any CPU
		Release|Any CPU = Release|Any CPU
	EndGlobalSection
	GlobalSection(ProjectConfigurationPlatforms) = postSolution
		{97BCC257-59CA-45A1-844D-EC02D1A7539C}.Debug|Any CPU.ActiveCfg = Debug|Any CPU
		{97BCC257-59CA-45A1-844D-EC02D1A7539C}.Debug|Any CPU.Build.0 = Debug|Any CPU
		{97BCC257-59CA-45A1-844D-EC02D1A7539C}.Release|Any CPU.ActiveCfg = Release|Any CPU
		{97BCC257-59CA-45A1-844D-EC02D1A7539C}.Release|Any CPU.Build.0 = Release|Any CPU
	EndGlobalSection
	GlobalSection(SolutionProperties) = preSolution
		HideSolutionNode = FALSE
	EndGlobalSection
	GlobalSection(ExtensibilityGlobals) = postSolution
		SolutionGuid = {A72AD492-5BE7-48EF-A9AE-7C24D0976622}
	EndGlobalSection
EndGlobal
